
Microsoft Visual Studio Solution File, Format Version 12.00
# Visual Studio Version 17
VisualStudioVersion = 17.14.36221.1 d17.14
MinimumVisualStudioVersion = 10.0.40219.1
Project("{FAE04EC0-301F-11D3-BF4B-00C04F79EFBC}") = "DSA.Core", "DSA.Core\DSA.Core.csproj", "{7BA1C891-8D01-4BC4-8060-03EFED4814FD}"
EndProject
Project("{FAE04EC0-301F-11D3-BF4B-00C04F79EFBC}") = "DSA.Tests", "DSA.Tests\DSA.Tests.csproj", "{A246B2FB-C04A-4CC8-ADED-0BE916105AD1}"
EndProject
Global
	GlobalSection(SolutionConfigurationPlatforms) = preSolution
		Debug|Any CPU = Debug|Any CPU
		Release|Any CPU = Release|Any CPU
	EndGlobalSection
	GlobalSection(ProjectConfigurationPlatforms) = postSolution
		{7BA1C891-8D01-4BC4-8060-03EFED4814FD}.Debug|Any CPU.ActiveCfg = Debug|Any CPU
		{7BA1C891-8D01-4BC4-8060-03EFED4814FD}.Debug|Any CPU.Build.0 = Debug|Any CPU
		{7BA1C891-8D01-4BC4-8060-03EFED4814FD}.Release|Any CPU.ActiveCfg = Release|Any CPU
		{7BA1C891-8D01-4BC4-8060-03EFED4814FD}.Release|Any CPU.Build.0 = Release|Any CPU
		{A246B2FB-C04A-4CC8-ADED-0BE916105AD1}.Debug|Any CPU.ActiveCfg = Debug|Any CPU
		{A246B2FB-C04A-4CC8-ADED-0BE916105AD1}.Debug|Any CPU.Build.0 = Debug|Any CPU
		{A246B2FB-C04A-4CC8-ADED-0BE916105AD1}.Release|Any CPU.ActiveCfg = Release|Any CPU
		{A246B2FB-C04A-4CC8-ADED-0BE916105AD1}.Release|Any CPU.Build.0 = Release|Any CPU
	EndGlobalSection
	GlobalSection(SolutionProperties) = preSolution
		HideSolutionNode = FALSE
	EndGlobalSection
	GlobalSection(ExtensibilityGlobals) = postSolution
		SolutionGuid = {86D6CA5C-5C8E-4BFB-8411-4FB98AC030C4}
	EndGlobalSection
EndGlobal
